{
  "requires": true,
  "lockfileVersion": 1,
  "dependencies": {
    "sweetalert2": {
      "version": "8.8.0",
      "resolved": "https://registry.npmjs.org/sweetalert2/-/sweetalert2-8.8.0.tgz",
      "integrity": "sha512-z6042JdwNaTtITSvZAGIoHIXEcnkWjgR5LGqhtTHexmeXu9lH16fEGojTf/pbf7+ve73Nns3Pr0Cr8Qt+jcxsA=="
    }
  }
}
